
Microsoft Visual Studio Solution File, Format Version 12.00
# Visual Studio Version 17
VisualStudioVersion = 17.11.35222.181
MinimumVisualStudioVersion = 10.0.40219.1
Project("{FAE04EC0-301F-11D3-BF4B-00C04F79EFBC}") = "Assignment2.2", "Assignment2.2\Assignment2.2.csproj", "{C5B05A02-6DFA-44F9-848C-A3BEE697BD65}"
EndProject
Global
	GlobalSection(SolutionConfigurationPlatforms) = preSolution
		Debug|Any CPU = Debug|Any CPU
		Release|Any CPU = Release|Any CPU
	EndGlobalSection
	GlobalSection(ProjectConfigurationPlatforms) = postSolution
		{C5B05A02-6DFA-44F9-848C-A3BEE697BD65}.Debug|Any CPU.ActiveCfg = Debug|Any CPU
		{C5B05A02-6DFA-44F9-848C-A3BEE697BD65}.Debug|Any CPU.Build.0 = Debug|Any CPU
		{C5B05A02-6DFA-44F9-848C-A3BEE697BD65}.Release|Any CPU.ActiveCfg = Release|Any CPU
		{C5B05A02-6DFA-44F9-848C-A3BEE697BD65}.Release|Any CPU.Build.0 = Release|Any CPU
	EndGlobalSection
	GlobalSection(SolutionProperties) = preSolution
		HideSolutionNode = FALSE
	EndGlobalSection
	GlobalSection(ExtensibilityGlobals) = postSolution
		SolutionGuid = {A1D71EAF-0A69-40DA-A288-DEA408673567}
	EndGlobalSection
EndGlobal
